// !$*UTF8*$!
{
	archiveVersion = 1;
	classes = {
	};
	objectVersion = 51;
	objects = {

/* Begin PBXBuildFile section */
		916B5F78C189F03A027B68E8 /* Pods_ADongPr.framework in Frameworks */ = {isa = PBXBuildFile; fileRef = 435C8057D24A13584BC08D35 /* Pods_ADongPr.framework */; };
		B513FC912473899C00E78E64 /* AppDelegate.swift in Sources */ = {isa = PBXBuildFile; fileRef = B513FC902473899C00E78E64 /* AppDelegate.swift */; };
		B513FC962473899C00E78E64 /* ADongPr.xcdatamodeld in Sources */ = {isa = PBXBuildFile; fileRef = B513FC942473899C00E78E64 /* ADongPr.xcdatamodeld */; };
		B513FC9A247389A000E78E64 /* Assets.xcassets in Resources */ = {isa = PBXBuildFile; fileRef = B513FC99247389A000E78E64 /* Assets.xcassets */; };
		B513FC9D247389A000E78E64 /* Preview Assets.xcassets in Resources */ = {isa = PBXBuildFile; fileRef = B513FC9C247389A000E78E64 /* Preview Assets.xcassets */; };
		B513FCA0247389A000E78E64 /* LaunchScreen.storyboard in Resources */ = {isa = PBXBuildFile; fileRef = B513FC9E247389A000E78E64 /* LaunchScreen.storyboard */; };
		B513FCAB247389A000E78E64 /* ADongPrTests.swift in Sources */ = {isa = PBXBuildFile; fileRef = B513FCAA247389A000E78E64 /* ADongPrTests.swift */; };
		B513FCB6247389A100E78E64 /* ADongPrUITests.swift in Sources */ = {isa = PBXBuildFile; fileRef = B513FCB5247389A100E78E64 /* ADongPrUITests.swift */; };
		B5228C832477E3D200F3F8E4 /* UIViewControllerExtension.swift in Sources */ = {isa = PBXBuildFile; fileRef = B5228C822477E3D200F3F8E4 /* UIViewControllerExtension.swift */; };
		B5228C8D2477EB0400F3F8E4 /* APIClient.swift in Sources */ = {isa = PBXBuildFile; fileRef = B5228C872477EB0300F3F8E4 /* APIClient.swift */; };
		B5228C8E2477EB0400F3F8E4 /* Category.swift in Sources */ = {isa = PBXBuildFile; fileRef = B5228C882477EB0300F3F8E4 /* Category.swift */; };
		B5228C8F2477EB0400F3F8E4 /* Article.swift in Sources */ = {isa = PBXBuildFile; fileRef = B5228C892477EB0300F3F8E4 /* Article.swift */; };
		B5228C902477EB0400F3F8E4 /* DateFormatter.swift in Sources */ = {isa = PBXBuildFile; fileRef = B5228C8A2477EB0300F3F8E4 /* DateFormatter.swift */; };
		B5228C922477EB0400F3F8E4 /* ApiRouter.swift in Sources */ = {isa = PBXBuildFile; fileRef = B5228C8C2477EB0400F3F8E4 /* ApiRouter.swift */; };
		B540A85A2473C3060028F99D /* LoginViewController.swift in Sources */ = {isa = PBXBuildFile; fileRef = B540A8582473C3060028F99D /* LoginViewController.swift */; };
		B540A85B2473C3060028F99D /* LoginViewController.xib in Resources */ = {isa = PBXBuildFile; fileRef = B540A8592473C3060028F99D /* LoginViewController.xib */; };
		B540A85F2473C56D0028F99D /* Main.storyboard in Resources */ = {isa = PBXBuildFile; fileRef = B540A85E2473C56D0028F99D /* Main.storyboard */; };
		B540A8612473C60B0028F99D /* MainViewController.swift in Sources */ = {isa = PBXBuildFile; fileRef = B540A8602473C60B0028F99D /* MainViewController.swift */; };
		B540A8632473C64C0028F99D /* MainTabViewController.swift in Sources */ = {isa = PBXBuildFile; fileRef = B540A8622473C64C0028F99D /* MainTabViewController.swift */; };
		B540A8712473CDFF0028F99D /* SplashViewController.swift in Sources */ = {isa = PBXBuildFile; fileRef = B540A86F2473CDFF0028F99D /* SplashViewController.swift */; };
		B540A8722473CDFF0028F99D /* SplashViewController.xib in Resources */ = {isa = PBXBuildFile; fileRef = B540A8702473CDFF0028F99D /* SplashViewController.xib */; };
		B540A8752473CE420028F99D /* Switcher.swift in Sources */ = {isa = PBXBuildFile; fileRef = B540A8732473CE420028F99D /* Switcher.swift */; };
		B540A8762473CE420028F99D /* Context.swift in Sources */ = {isa = PBXBuildFile; fileRef = B540A8742473CE420028F99D /* Context.swift */; };
		B540A8782473CE990028F99D /* Constants.swift in Sources */ = {isa = PBXBuildFile; fileRef = B540A8772473CE990028F99D /* Constants.swift */; };
		B540A87A2473CF180028F99D /* User.swift in Sources */ = {isa = PBXBuildFile; fileRef = B540A8792473CF180028F99D /* User.swift */; };
		B540A8842473E6170028F99D /* MGConnection.swift in Sources */ = {isa = PBXBuildFile; fileRef = B540A87E2473E6170028F99D /* MGConnection.swift */; };
		B540A8852473E6170028F99D /* ServiceFactory.swift in Sources */ = {isa = PBXBuildFile; fileRef = B540A87F2473E6170028F99D /* ServiceFactory.swift */; };
		B540A8872473E6170028F99D /* BaseResponse.swift in Sources */ = {isa = PBXBuildFile; fileRef = B540A8812473E6170028F99D /* BaseResponse.swift */; };
		B540A8882473E6170028F99D /* Configs.swift in Sources */ = {isa = PBXBuildFile; fileRef = B540A8822473E6170028F99D /* Configs.swift */; };
		B540A8892473E6170028F99D /* APIRouter.swift in Sources */ = {isa = PBXBuildFile; fileRef = B540A8832473E6170028F99D /* APIRouter.swift */; };
		B540A8932473EBD50028F99D /* UIView+constraints.swift in Sources */ = {isa = PBXBuildFile; fileRef = B540A88B2473EBD50028F99D /* UIView+constraints.swift */; };
		B540A8942473EBD50028F99D /* Int+Extension.swift in Sources */ = {isa = PBXBuildFile; fileRef = B540A88C2473EBD50028F99D /* Int+Extension.swift */; };
		B540A8952473EBD50028F99D /* UIColor.swift in Sources */ = {isa = PBXBuildFile; fileRef = B540A88D2473EBD50028F99D /* UIColor.swift */; };
		B540A8962473EBD50028F99D /* RadiusTextField.swift in Sources */ = {isa = PBXBuildFile; fileRef = B540A88E2473EBD50028F99D /* RadiusTextField.swift */; };
		B540A8972473EBD50028F99D /* TextfieldExtension.swift in Sources */ = {isa = PBXBuildFile; fileRef = B540A88F2473EBD50028F99D /* TextfieldExtension.swift */; };
		B540A8982473EBD50028F99D /* String+Extension.swift in Sources */ = {isa = PBXBuildFile; fileRef = B540A8902473EBD50028F99D /* String+Extension.swift */; };
		B540A8992473EBD50028F99D /* UiButton.swift in Sources */ = {isa = PBXBuildFile; fileRef = B540A8912473EBD50028F99D /* UiButton.swift */; };
		B540A89A2473EBD50028F99D /* UiViewExtension.swift in Sources */ = {isa = PBXBuildFile; fileRef = B540A8922473EBD50028F99D /* UiViewExtension.swift */; };
		B540A89E2475254F0028F99D /* PopupView.swift in Sources */ = {isa = PBXBuildFile; fileRef = B540A89C2475254E0028F99D /* PopupView.swift */; };
		B540A89F2475254F0028F99D /* BaseViewController.swift in Sources */ = {isa = PBXBuildFile; fileRef = B540A89D2475254F0028F99D /* BaseViewController.swift */; };
		B540A8A12475297E0028F99D /* PermissionViewController.swift in Sources */ = {isa = PBXBuildFile; fileRef = B540A8A02475297E0028F99D /* PermissionViewController.swift */; };
		B540A8A6247545EE0028F99D /* PermissionCollectionViewCell.swift in Sources */ = {isa = PBXBuildFile; fileRef = B540A8A4247545EE0028F99D /* PermissionCollectionViewCell.swift */; };
		B540A8A7247545EE0028F99D /* PermissionCollectionViewCell.xib in Resources */ = {isa = PBXBuildFile; fileRef = B540A8A5247545EE0028F99D /* PermissionCollectionViewCell.xib */; };
		B540A8AA24754C6B0028F99D /* NotificationViewController.swift in Sources */ = {isa = PBXBuildFile; fileRef = B540A8A924754C6B0028F99D /* NotificationViewController.swift */; };
		B540A8AD247555520028F99D /* PermissViewController.swift in Sources */ = {isa = PBXBuildFile; fileRef = B540A8AB247555520028F99D /* PermissViewController.swift */; };
		B540A8AE247555520028F99D /* PermissViewController.xib in Resources */ = {isa = PBXBuildFile; fileRef = B540A8AC247555520028F99D /* PermissViewController.xib */; };
		B540A8B02475605F0028F99D /* Permission.swift in Sources */ = {isa = PBXBuildFile; fileRef = B540A8AF2475605F0028F99D /* Permission.swift */; };
		B59B682E247636F80035BDD3 /* Lorry.swift in Sources */ = {isa = PBXBuildFile; fileRef = B59B682D247636F80035BDD3 /* Lorry.swift */; };
		B59B68322476385F0035BDD3 /* Lorry.storyboard in Resources */ = {isa = PBXBuildFile; fileRef = B59B68312476385F0035BDD3 /* Lorry.storyboard */; };
		B59B6834247638E10035BDD3 /* LorryListViewController.swift in Sources */ = {isa = PBXBuildFile; fileRef = B59B6833247638E10035BDD3 /* LorryListViewController.swift */; };
		B59B683724764AB40035BDD3 /* CommonTableViewCell.swift in Sources */ = {isa = PBXBuildFile; fileRef = B59B683524764AB40035BDD3 /* CommonTableViewCell.swift */; };
		B59B683824764AB40035BDD3 /* CommonTableViewCell.xib in Resources */ = {isa = PBXBuildFile; fileRef = B59B683624764AB40035BDD3 /* CommonTableViewCell.xib */; };
		B59B683A247650610035BDD3 /* DetailLorryViewController.swift in Sources */ = {isa = PBXBuildFile; fileRef = B59B6839247650610035BDD3 /* DetailLorryViewController.swift */; };
		B59B684524765C4F0035BDD3 /* NavigationBar.xib in Resources */ = {isa = PBXBuildFile; fileRef = B59B684324765C4E0035BDD3 /* NavigationBar.xib */; };
		B59B684624765C4F0035BDD3 /* NavigationBar.swift in Sources */ = {isa = PBXBuildFile; fileRef = B59B684424765C4F0035BDD3 /* NavigationBar.swift */; };
		B59B6849247661D60035BDD3 /* InformationDetailCell.swift in Sources */ = {isa = PBXBuildFile; fileRef = B59B6847247661D60035BDD3 /* InformationDetailCell.swift */; };
		B59B684A247661D60035BDD3 /* InformationDetailCell.xib in Resources */ = {isa = PBXBuildFile; fileRef = B59B6848247661D60035BDD3 /* InformationDetailCell.xib */; };
		B59B684C247663930035BDD3 /* Information.swift in Sources */ = {isa = PBXBuildFile; fileRef = B59B684B247663930035BDD3 /* Information.swift */; };
		B59B684E24766ED10035BDD3 /* ResponseDefault.swift in Sources */ = {isa = PBXBuildFile; fileRef = B59B684D24766ED00035BDD3 /* ResponseDefault.swift */; };
		B59B6850247676D60035BDD3 /* UpdateViewController.swift in Sources */ = {isa = PBXBuildFile; fileRef = B59B684F247676D60035BDD3 /* UpdateViewController.swift */; };
		B59B6853247688490035BDD3 /* CommonNoAvatarCell.swift in Sources */ = {isa = PBXBuildFile; fileRef = B59B6851247688490035BDD3 /* CommonNoAvatarCell.swift */; };
		B59B6854247688490035BDD3 /* CommonNoAvatarCell.xib in Resources */ = {isa = PBXBuildFile; fileRef = B59B6852247688490035BDD3 /* CommonNoAvatarCell.xib */; };
		B59B68562476A3400035BDD3 /* CreateRes.swift in Sources */ = {isa = PBXBuildFile; fileRef = B59B68552476A3400035BDD3 /* CreateRes.swift */; };
		B59B68582476A7CE0035BDD3 /* Error.swift in Sources */ = {isa = PBXBuildFile; fileRef = B59B68572476A7CE0035BDD3 /* Error.swift */; };
/* End PBXBuildFile section */

/* Begin PBXContainerItemProxy section */
		B513FCA7247389A000E78E64 /* PBXContainerItemProxy */ = {
			isa = PBXContainerItemProxy;
			containerPortal = B513FC852473899C00E78E64 /* Project object */;
			proxyType = 1;
			remoteGlobalIDString = B513FC8C2473899C00E78E64;
			remoteInfo = ADongPr;
		};
		B513FCB2247389A100E78E64 /* PBXContainerItemProxy */ = {
			isa = PBXContainerItemProxy;
			containerPortal = B513FC852473899C00E78E64 /* Project object */;
			proxyType = 1;
			remoteGlobalIDString = B513FC8C2473899C00E78E64;
			remoteInfo = ADongPr;
		};
/* End PBXContainerItemProxy section */

/* Begin PBXFileReference section */
		435C8057D24A13584BC08D35 /* Pods_ADongPr.framework */ = {isa = PBXFileReference; explicitFileType = wrapper.framework; includeInIndex = 0; path = Pods_ADongPr.framework; sourceTree = BUILT_PRODUCTS_DIR; };
		913783962ADB7F4B4E85CBBE /* Pods-ADongPr.debug.xcconfig */ = {isa = PBXFileReference; includeInIndex = 1; lastKnownFileType = text.xcconfig; name = "Pods-ADongPr.debug.xcconfig"; path = "Target Support Files/Pods-ADongPr/Pods-ADongPr.debug.xcconfig"; sourceTree = "<group>"; };
		942FF51095EB5AA5F6FDA2F4 /* Pods-ADongPr.release.xcconfig */ = {isa = PBXFileReference; includeInIndex = 1; lastKnownFileType = text.xcconfig; name = "Pods-ADongPr.release.xcconfig"; path = "Target Support Files/Pods-ADongPr/Pods-ADongPr.release.xcconfig"; sourceTree = "<group>"; };
		B513FC8D2473899C00E78E64 /* ADongPr.app */ = {isa = PBXFileReference; explicitFileType = wrapper.application; includeInIndex = 0; path = ADongPr.app; sourceTree = BUILT_PRODUCTS_DIR; };
		B513FC902473899C00E78E64 /* AppDelegate.swift */ = {isa = PBXFileReference; lastKnownFileType = sourcecode.swift; path = AppDelegate.swift; sourceTree = "<group>"; };
		B513FC952473899C00E78E64 /* ADongPr.xcdatamodel */ = {isa = PBXFileReference; lastKnownFileType = wrapper.xcdatamodel; path = ADongPr.xcdatamodel; sourceTree = "<group>"; };
		B513FC99247389A000E78E64 /* Assets.xcassets */ = {isa = PBXFileReference; lastKnownFileType = folder.assetcatalog; path = Assets.xcassets; sourceTree = "<group>"; };
		B513FC9C247389A000E78E64 /* Preview Assets.xcassets */ = {isa = PBXFileReference; lastKnownFileType = folder.assetcatalog; path = "Preview Assets.xcassets"; sourceTree = "<group>"; };
		B513FC9F247389A000E78E64 /* Base */ = {isa = PBXFileReference; lastKnownFileType = file.storyboard; name = Base; path = Base.lproj/LaunchScreen.storyboard; sourceTree = "<group>"; };
		B513FCA1247389A000E78E64 /* Info.plist */ = {isa = PBXFileReference; lastKnownFileType = text.plist.xml; path = Info.plist; sourceTree = "<group>"; };
		B513FCA6247389A000E78E64 /* ADongPrTests.xctest */ = {isa = PBXFileReference; explicitFileType = wrapper.cfbundle; includeInIndex = 0; path = ADongPrTests.xctest; sourceTree = BUILT_PRODUCTS_DIR; };
		B513FCAA247389A000E78E64 /* ADongPrTests.swift */ = {isa = PBXFileReference; lastKnownFileType = sourcecode.swift; path = ADongPrTests.swift; sourceTree = "<group>"; };
		B513FCAC247389A000E78E64 /* Info.plist */ = {isa = PBXFileReference; lastKnownFileType = text.plist.xml; path = Info.plist; sourceTree = "<group>"; };
		B513FCB1247389A100E78E64 /* ADongPrUITests.xctest */ = {isa = PBXFileReference; explicitFileType = wrapper.cfbundle; includeInIndex = 0; path = ADongPrUITests.xctest; sourceTree = BUILT_PRODUCTS_DIR; };
		B513FCB5247389A100E78E64 /* ADongPrUITests.swift */ = {isa = PBXFileReference; lastKnownFileType = sourcecode.swift; path = ADongPrUITests.swift; sourceTree = "<group>"; };
		B513FCB7247389A100E78E64 /* Info.plist */ = {isa = PBXFileReference; lastKnownFileType = text.plist.xml; path = Info.plist; sourceTree = "<group>"; };
		B5228C822477E3D200F3F8E4 /* UIViewControllerExtension.swift */ = {isa = PBXFileReference; lastKnownFileType = sourcecode.swift; path = UIViewControllerExtension.swift; sourceTree = "<group>"; };
		B5228C872477EB0300F3F8E4 /* APIClient.swift */ = {isa = PBXFileReference; fileEncoding = 4; lastKnownFileType = sourcecode.swift; path = APIClient.swift; sourceTree = "<group>"; };
		B5228C882477EB0300F3F8E4 /* Category.swift */ = {isa = PBXFileReference; fileEncoding = 4; lastKnownFileType = sourcecode.swift; path = Category.swift; sourceTree = "<group>"; };
		B5228C892477EB0300F3F8E4 /* Article.swift */ = {isa = PBXFileReference; fileEncoding = 4; lastKnownFileType = sourcecode.swift; path = Article.swift; sourceTree = "<group>"; };
		B5228C8A2477EB0300F3F8E4 /* DateFormatter.swift */ = {isa = PBXFileReference; fileEncoding = 4; lastKnownFileType = sourcecode.swift; path = DateFormatter.swift; sourceTree = "<group>"; };
		B5228C8C2477EB0400F3F8E4 /* ApiRouter.swift */ = {isa = PBXFileReference; fileEncoding = 4; lastKnownFileType = sourcecode.swift; path = ApiRouter.swift; sourceTree = "<group>"; };
		B540A8582473C3060028F99D /* LoginViewController.swift */ = {isa = PBXFileReference; lastKnownFileType = sourcecode.swift; path = LoginViewController.swift; sourceTree = "<group>"; };
		B540A8592473C3060028F99D /* LoginViewController.xib */ = {isa = PBXFileReference; lastKnownFileType = file.xib; path = LoginViewController.xib; sourceTree = "<group>"; };
		B540A85E2473C56D0028F99D /* Main.storyboard */ = {isa = PBXFileReference; lastKnownFileType = file.storyboard; path = Main.storyboard; sourceTree = "<group>"; };
		B540A8602473C60B0028F99D /* MainViewController.swift */ = {isa = PBXFileReference; lastKnownFileType = sourcecode.swift; path = MainViewController.swift; sourceTree = "<group>"; };
		B540A8622473C64C0028F99D /* MainTabViewController.swift */ = {isa = PBXFileReference; lastKnownFileType = sourcecode.swift; path = MainTabViewController.swift; sourceTree = "<group>"; };
		B540A86F2473CDFF0028F99D /* SplashViewController.swift */ = {isa = PBXFileReference; lastKnownFileType = sourcecode.swift; path = SplashViewController.swift; sourceTree = "<group>"; };
		B540A8702473CDFF0028F99D /* SplashViewController.xib */ = {isa = PBXFileReference; lastKnownFileType = file.xib; path = SplashViewController.xib; sourceTree = "<group>"; };
		B540A8732473CE420028F99D /* Switcher.swift */ = {isa = PBXFileReference; fileEncoding = 4; lastKnownFileType = sourcecode.swift; path = Switcher.swift; sourceTree = "<group>"; };
		B540A8742473CE420028F99D /* Context.swift */ = {isa = PBXFileReference; fileEncoding = 4; lastKnownFileType = sourcecode.swift; path = Context.swift; sourceTree = "<group>"; };
		B540A8772473CE990028F99D /* Constants.swift */ = {isa = PBXFileReference; fileEncoding = 4; lastKnownFileType = sourcecode.swift; path = Constants.swift; sourceTree = "<group>"; };
		B540A8792473CF180028F99D /* User.swift */ = {isa = PBXFileReference; fileEncoding = 4; lastKnownFileType = sourcecode.swift; path = User.swift; sourceTree = "<group>"; };
		B540A87E2473E6170028F99D /* MGConnection.swift */ = {isa = PBXFileReference; fileEncoding = 4; lastKnownFileType = sourcecode.swift; path = MGConnection.swift; sourceTree = "<group>"; };
		B540A87F2473E6170028F99D /* ServiceFactory.swift */ = {isa = PBXFileReference; fileEncoding = 4; lastKnownFileType = sourcecode.swift; path = ServiceFactory.swift; sourceTree = "<group>"; };
		B540A8812473E6170028F99D /* BaseResponse.swift */ = {isa = PBXFileReference; fileEncoding = 4; lastKnownFileType = sourcecode.swift; path = BaseResponse.swift; sourceTree = "<group>"; };
		B540A8822473E6170028F99D /* Configs.swift */ = {isa = PBXFileReference; fileEncoding = 4; lastKnownFileType = sourcecode.swift; path = Configs.swift; sourceTree = "<group>"; };
		B540A8832473E6170028F99D /* APIRouter.swift */ = {isa = PBXFileReference; fileEncoding = 4; lastKnownFileType = sourcecode.swift; path = APIRouter.swift; sourceTree = "<group>"; };
		B540A88B2473EBD50028F99D /* UIView+constraints.swift */ = {isa = PBXFileReference; fileEncoding = 4; lastKnownFileType = sourcecode.swift; path = "UIView+constraints.swift"; sourceTree = "<group>"; };
		B540A88C2473EBD50028F99D /* Int+Extension.swift */ = {isa = PBXFileReference; fileEncoding = 4; lastKnownFileType = sourcecode.swift; path = "Int+Extension.swift"; sourceTree = "<group>"; };
		B540A88D2473EBD50028F99D /* UIColor.swift */ = {isa = PBXFileReference; fileEncoding = 4; lastKnownFileType = sourcecode.swift; path = UIColor.swift; sourceTree = "<group>"; };
		B540A88E2473EBD50028F99D /* RadiusTextField.swift */ = {isa = PBXFileReference; fileEncoding = 4; lastKnownFileType = sourcecode.swift; path = RadiusTextField.swift; sourceTree = "<group>"; };
		B540A88F2473EBD50028F99D /* TextfieldExtension.swift */ = {isa = PBXFileReference; fileEncoding = 4; lastKnownFileType = sourcecode.swift; path = TextfieldExtension.swift; sourceTree = "<group>"; };
		B540A8902473EBD50028F99D /* String+Extension.swift */ = {isa = PBXFileReference; fileEncoding = 4; lastKnownFileType = sourcecode.swift; path = "String+Extension.swift"; sourceTree = "<group>"; };
		B540A8912473EBD50028F99D /* UiButton.swift */ = {isa = PBXFileReference; fileEncoding = 4; lastKnownFileType = sourcecode.swift; path = UiButton.swift; sourceTree = "<group>"; };
		B540A8922473EBD50028F99D /* UiViewExtension.swift */ = {isa = PBXFileReference; fileEncoding = 4; lastKnownFileType = sourcecode.swift; path = UiViewExtension.swift; sourceTree = "<group>"; };
		B540A89C2475254E0028F99D /* PopupView.swift */ = {isa = PBXFileReference; fileEncoding = 4; lastKnownFileType = sourcecode.swift; path = PopupView.swift; sourceTree = "<group>"; };
		B540A89D2475254F0028F99D /* BaseViewController.swift */ = {isa = PBXFileReference; fileEncoding = 4; lastKnownFileType = sourcecode.swift; path = BaseViewController.swift; sourceTree = "<group>"; };
		B540A8A02475297E0028F99D /* PermissionViewController.swift */ = {isa = PBXFileReference; lastKnownFileType = sourcecode.swift; path = PermissionViewController.swift; sourceTree = "<group>"; };
		B540A8A4247545EE0028F99D /* PermissionCollectionViewCell.swift */ = {isa = PBXFileReference; lastKnownFileType = sourcecode.swift; path = PermissionCollectionViewCell.swift; sourceTree = "<group>"; };
		B540A8A5247545EE0028F99D /* PermissionCollectionViewCell.xib */ = {isa = PBXFileReference; lastKnownFileType = file.xib; path = PermissionCollectionViewCell.xib; sourceTree = "<group>"; };
		B540A8A924754C6B0028F99D /* NotificationViewController.swift */ = {isa = PBXFileReference; lastKnownFileType = sourcecode.swift; path = NotificationViewController.swift; sourceTree = "<group>"; };
		B540A8AB247555520028F99D /* PermissViewController.swift */ = {isa = PBXFileReference; lastKnownFileType = sourcecode.swift; path = PermissViewController.swift; sourceTree = "<group>"; };
		B540A8AC247555520028F99D /* PermissViewController.xib */ = {isa = PBXFileReference; lastKnownFileType = file.xib; path = PermissViewController.xib; sourceTree = "<group>"; };
		B540A8AF2475605F0028F99D /* Permission.swift */ = {isa = PBXFileReference; fileEncoding = 4; lastKnownFileType = sourcecode.swift; path = Permission.swift; sourceTree = "<group>"; };
		B59B682D247636F80035BDD3 /* Lorry.swift */ = {isa = PBXFileReference; fileEncoding = 4; lastKnownFileType = sourcecode.swift; path = Lorry.swift; sourceTree = "<group>"; };
		B59B68312476385F0035BDD3 /* Lorry.storyboard */ = {isa = PBXFileReference; lastKnownFileType = file.storyboard; path = Lorry.storyboard; sourceTree = "<group>"; };
		B59B6833247638E10035BDD3 /* LorryListViewController.swift */ = {isa = PBXFileReference; lastKnownFileType = sourcecode.swift; path = LorryListViewController.swift; sourceTree = "<group>"; };
		B59B683524764AB40035BDD3 /* CommonTableViewCell.swift */ = {isa = PBXFileReference; lastKnownFileType = sourcecode.swift; path = CommonTableViewCell.swift; sourceTree = "<group>"; };
		B59B683624764AB40035BDD3 /* CommonTableViewCell.xib */ = {isa = PBXFileReference; lastKnownFileType = file.xib; path = CommonTableViewCell.xib; sourceTree = "<group>"; };
		B59B6839247650610035BDD3 /* DetailLorryViewController.swift */ = {isa = PBXFileReference; lastKnownFileType = sourcecode.swift; path = DetailLorryViewController.swift; sourceTree = "<group>"; };
		B59B684324765C4E0035BDD3 /* NavigationBar.xib */ = {isa = PBXFileReference; fileEncoding = 4; lastKnownFileType = file.xib; path = NavigationBar.xib; sourceTree = "<group>"; };
		B59B684424765C4F0035BDD3 /* NavigationBar.swift */ = {isa = PBXFileReference; fileEncoding = 4; lastKnownFileType = sourcecode.swift; path = NavigationBar.swift; sourceTree = "<group>"; };
		B59B6847247661D60035BDD3 /* InformationDetailCell.swift */ = {isa = PBXFileReference; lastKnownFileType = sourcecode.swift; path = InformationDetailCell.swift; sourceTree = "<group>"; };
		B59B6848247661D60035BDD3 /* InformationDetailCell.xib */ = {isa = PBXFileReference; lastKnownFileType = file.xib; path = InformationDetailCell.xib; sourceTree = "<group>"; };
		B59B684B247663930035BDD3 /* Information.swift */ = {isa = PBXFileReference; lastKnownFileType = sourcecode.swift; path = Information.swift; sourceTree = "<group>"; };
		B59B684D24766ED00035BDD3 /* ResponseDefault.swift */ = {isa = PBXFileReference; lastKnownFileType = sourcecode.swift; path = ResponseDefault.swift; sourceTree = "<group>"; };
		B59B684F247676D60035BDD3 /* UpdateViewController.swift */ = {isa = PBXFileReference; lastKnownFileType = sourcecode.swift; path = UpdateViewController.swift; sourceTree = "<group>"; };
		B59B6851247688490035BDD3 /* CommonNoAvatarCell.swift */ = {isa = PBXFileReference; lastKnownFileType = sourcecode.swift; path = CommonNoAvatarCell.swift; sourceTree = "<group>"; };
		B59B6852247688490035BDD3 /* CommonNoAvatarCell.xib */ = {isa = PBXFileReference; lastKnownFileType = file.xib; path = CommonNoAvatarCell.xib; sourceTree = "<group>"; };
		B59B68552476A3400035BDD3 /* CreateRes.swift */ = {isa = PBXFileReference; lastKnownFileType = sourcecode.swift; path = CreateRes.swift; sourceTree = "<group>"; };
		B59B68572476A7CE0035BDD3 /* Error.swift */ = {isa = PBXFileReference; lastKnownFileType = sourcecode.swift; path = Error.swift; sourceTree = "<group>"; };
/* End PBXFileReference section */

/* Begin PBXFrameworksBuildPhase section */
		B513FC8A2473899C00E78E64 /* Frameworks */ = {
			isa = PBXFrameworksBuildPhase;
			buildActionMask = 2147483647;
			files = (
				916B5F78C189F03A027B68E8 /* Pods_ADongPr.framework in Frameworks */,
			);
			runOnlyForDeploymentPostprocessing = 0;
		};
		B513FCA3247389A000E78E64 /* Frameworks */ = {
			isa = PBXFrameworksBuildPhase;
			buildActionMask = 2147483647;
			files = (
			);
			runOnlyForDeploymentPostprocessing = 0;
		};
		B513FCAE247389A100E78E64 /* Frameworks */ = {
			isa = PBXFrameworksBuildPhase;
			buildActionMask = 2147483647;
			files = (
			);
			runOnlyForDeploymentPostprocessing = 0;
		};
/* End PBXFrameworksBuildPhase section */

/* Begin PBXGroup section */
		259796D40F5D5B4A01FE3FCF /* Frameworks */ = {
			isa = PBXGroup;
			children = (
				435C8057D24A13584BC08D35 /* Pods_ADongPr.framework */,
			);
			name = Frameworks;
			sourceTree = "<group>";
		};
		A2875F26FC6BF27385ABF031 /* Pods */ = {
			isa = PBXGroup;
			children = (
				913783962ADB7F4B4E85CBBE /* Pods-ADongPr.debug.xcconfig */,
				942FF51095EB5AA5F6FDA2F4 /* Pods-ADongPr.release.xcconfig */,
			);
			path = Pods;
			sourceTree = "<group>";
		};
		B513FC842473899C00E78E64 = {
			isa = PBXGroup;
			children = (
				B513FC8F2473899C00E78E64 /* ADongPr */,
				B513FCA9247389A000E78E64 /* ADongPrTests */,
				B513FCB4247389A100E78E64 /* ADongPrUITests */,
				B513FC8E2473899C00E78E64 /* Products */,
				A2875F26FC6BF27385ABF031 /* Pods */,
				259796D40F5D5B4A01FE3FCF /* Frameworks */,
			);
			sourceTree = "<group>";
		};
		B513FC8E2473899C00E78E64 /* Products */ = {
			isa = PBXGroup;
			children = (
				B513FC8D2473899C00E78E64 /* ADongPr.app */,
				B513FCA6247389A000E78E64 /* ADongPrTests.xctest */,
				B513FCB1247389A100E78E64 /* ADongPrUITests.xctest */,
			);
			name = Products;
			sourceTree = "<group>";
		};
		B513FC8F2473899C00E78E64 /* ADongPr */ = {
			isa = PBXGroup;
			children = (
				B5228C862477EA8000F3F8E4 /* Network */,
				B540A89B2475252C0028F99D /* Base */,
				B540A88A2473EB7E0028F99D /* Extension */,
				B540A87D2473E5AC0028F99D /* Service */,
				B540A8682473CD840028F99D /* Common */,
				B540A85D2473C43E0028F99D /* View */,
				B540A85C2473C4370028F99D /* Model */,
				B540A8572473C2F70028F99D /* Controllers */,
				B513FC902473899C00E78E64 /* AppDelegate.swift */,
				B513FC99247389A000E78E64 /* Assets.xcassets */,
				B513FC9E247389A000E78E64 /* LaunchScreen.storyboard */,
				B513FCA1247389A000E78E64 /* Info.plist */,
				B513FC942473899C00E78E64 /* ADongPr.xcdatamodeld */,
				B513FC9B247389A000E78E64 /* Preview Content */,
				B540A85E2473C56D0028F99D /* Main.storyboard */,
			);
			path = ADongPr;
			sourceTree = "<group>";
		};
		B513FC9B247389A000E78E64 /* Preview Content */ = {
			isa = PBXGroup;
			children = (
				B513FC9C247389A000E78E64 /* Preview Assets.xcassets */,
			);
			path = "Preview Content";
			sourceTree = "<group>";
		};
		B513FCA9247389A000E78E64 /* ADongPrTests */ = {
			isa = PBXGroup;
			children = (
				B513FCAA247389A000E78E64 /* ADongPrTests.swift */,
				B513FCAC247389A000E78E64 /* Info.plist */,
			);
			path = ADongPrTests;
			sourceTree = "<group>";
		};
		B513FCB4247389A100E78E64 /* ADongPrUITests */ = {
			isa = PBXGroup;
			children = (
				B513FCB5247389A100E78E64 /* ADongPrUITests.swift */,
				B513FCB7247389A100E78E64 /* Info.plist */,
			);
			path = ADongPrUITests;
			sourceTree = "<group>";
		};
		B5228C862477EA8000F3F8E4 /* Network */ = {
			isa = PBXGroup;
			children = (
				B5228C872477EB0300F3F8E4 /* APIClient.swift */,
				B5228C8C2477EB0400F3F8E4 /* ApiRouter.swift */,
				B5228C892477EB0300F3F8E4 /* Article.swift */,
				B5228C882477EB0300F3F8E4 /* Category.swift */,
				B5228C8A2477EB0300F3F8E4 /* DateFormatter.swift */,
			);
			path = Network;
			sourceTree = "<group>";
		};
		B540A8572473C2F70028F99D /* Controllers */ = {
			isa = PBXGroup;
			children = (
				B59B682F247637CF0035BDD3 /* Module */,
				B540A8A824754C540028F99D /* Notification */,
				B540A8A2247545B60028F99D /* Permission */,
				B540A86E2473CDE80028F99D /* Login */,
				B540A8602473C60B0028F99D /* MainViewController.swift */,
				B540A8622473C64C0028F99D /* MainTabViewController.swift */,
			);
			path = Controllers;
			sourceTree = "<group>";
		};
		B540A85C2473C4370028F99D /* Model */ = {
			isa = PBXGroup;
			children = (
				B59B682D247636F80035BDD3 /* Lorry.swift */,
				B540A8AF2475605F0028F99D /* Permission.swift */,
				B540A8792473CF180028F99D /* User.swift */,
				B59B684B247663930035BDD3 /* Information.swift */,
				B59B684D24766ED00035BDD3 /* ResponseDefault.swift */,
				B59B68552476A3400035BDD3 /* CreateRes.swift */,
				B59B68572476A7CE0035BDD3 /* Error.swift */,
			);
			path = Model;
			sourceTree = "<group>";
		};
		B540A85D2473C43E0028F99D /* View */ = {
			isa = PBXGroup;
			children = (
				B59B684424765C4F0035BDD3 /* NavigationBar.swift */,
				B59B684324765C4E0035BDD3 /* NavigationBar.xib */,
				B59B683524764AB40035BDD3 /* CommonTableViewCell.swift */,
				B59B683624764AB40035BDD3 /* CommonTableViewCell.xib */,
				B59B6847247661D60035BDD3 /* InformationDetailCell.swift */,
				B59B6848247661D60035BDD3 /* InformationDetailCell.xib */,
				B59B6851247688490035BDD3 /* CommonNoAvatarCell.swift */,
				B59B6852247688490035BDD3 /* CommonNoAvatarCell.xib */,
			);
			path = View;
			sourceTree = "<group>";
		};
		B540A8682473CD840028F99D /* Common */ = {
			isa = PBXGroup;
			children = (
				B540A8692473CD9D0028F99D /* Global */,
			);
			path = Common;
			sourceTree = "<group>";
		};
		B540A8692473CD9D0028F99D /* Global */ = {
			isa = PBXGroup;
			children = (
				B540A8772473CE990028F99D /* Constants.swift */,
				B540A8742473CE420028F99D /* Context.swift */,
				B540A8732473CE420028F99D /* Switcher.swift */,
			);
			path = Global;
			sourceTree = "<group>";
		};
		B540A86E2473CDE80028F99D /* Login */ = {
			isa = PBXGroup;
			children = (
				B540A8582473C3060028F99D /* LoginViewController.swift */,
				B540A8592473C3060028F99D /* LoginViewController.xib */,
				B540A86F2473CDFF0028F99D /* SplashViewController.swift */,
				B540A8702473CDFF0028F99D /* SplashViewController.xib */,
			);
			path = Login;
			sourceTree = "<group>";
		};
		B540A87D2473E5AC0028F99D /* Service */ = {
			isa = PBXGroup;
			children = (
				B540A8832473E6170028F99D /* APIRouter.swift */,
				B540A8812473E6170028F99D /* BaseResponse.swift */,
				B540A8822473E6170028F99D /* Configs.swift */,
				B540A87E2473E6170028F99D /* MGConnection.swift */,
				B540A87F2473E6170028F99D /* ServiceFactory.swift */,
			);
			path = Service;
			sourceTree = "<group>";
		};
		B540A88A2473EB7E0028F99D /* Extension */ = {
			isa = PBXGroup;
			children = (
				B540A88C2473EBD50028F99D /* Int+Extension.swift */,
				B540A88E2473EBD50028F99D /* RadiusTextField.swift */,
				B540A8902473EBD50028F99D /* String+Extension.swift */,
				B540A88F2473EBD50028F99D /* TextfieldExtension.swift */,
				B540A8912473EBD50028F99D /* UiButton.swift */,
				B540A88D2473EBD50028F99D /* UIColor.swift */,
				B540A88B2473EBD50028F99D /* UIView+constraints.swift */,
				B540A8922473EBD50028F99D /* UiViewExtension.swift */,
				B5228C822477E3D200F3F8E4 /* UIViewControllerExtension.swift */,
			);
			path = Extension;
			sourceTree = "<group>";
		};
		B540A89B2475252C0028F99D /* Base */ = {
			isa = PBXGroup;
			children = (
				B540A89D2475254F0028F99D /* BaseViewController.swift */,
				B540A89C2475254E0028F99D /* PopupView.swift */,
			);
			path = Base;
			sourceTree = "<group>";
		};
		B540A8A2247545B60028F99D /* Permission */ = {
			isa = PBXGroup;
			children = (
				B540A8A3247545C90028F99D /* Cell */,
				B540A8A02475297E0028F99D /* PermissionViewController.swift */,
				B540A8AB247555520028F99D /* PermissViewController.swift */,
				B540A8AC247555520028F99D /* PermissViewController.xib */,
			);
			path = Permission;
			sourceTree = "<group>";
		};
		B540A8A3247545C90028F99D /* Cell */ = {
			isa = PBXGroup;
			children = (
				B540A8A4247545EE0028F99D /* PermissionCollectionViewCell.swift */,
				B540A8A5247545EE0028F99D /* PermissionCollectionViewCell.xib */,
			);
			path = Cell;
			sourceTree = "<group>";
		};
		B540A8A824754C540028F99D /* Notification */ = {
			isa = PBXGroup;
			children = (
				B540A8A924754C6B0028F99D /* NotificationViewController.swift */,
			);
			path = Notification;
			sourceTree = "<group>";
		};
		B59B682F247637CF0035BDD3 /* Module */ = {
			isa = PBXGroup;
			children = (
				B59B68302476381F0035BDD3 /* Lorry */,
			);
			path = Module;
			sourceTree = "<group>";
		};
		B59B68302476381F0035BDD3 /* Lorry */ = {
			isa = PBXGroup;
			children = (
				B59B68312476385F0035BDD3 /* Lorry.storyboard */,
				B59B6833247638E10035BDD3 /* LorryListViewController.swift */,
				B59B6839247650610035BDD3 /* DetailLorryViewController.swift */,
				B59B684F247676D60035BDD3 /* UpdateViewController.swift */,
			);
			path = Lorry;
			sourceTree = "<group>";
		};
/* End PBXGroup section */

/* Begin PBXNativeTarget section */
		B513FC8C2473899C00E78E64 /* ADongPr */ = {
			isa = PBXNativeTarget;
			buildConfigurationList = B513FCBA247389A100E78E64 /* Build configuration list for PBXNativeTarget "ADongPr" */;
			buildPhases = (
				CA7D8FED57E8BD2E7885580F /* [CP] Check Pods Manifest.lock */,
				B513FC892473899C00E78E64 /* Sources */,
				B513FC8A2473899C00E78E64 /* Frameworks */,
				B513FC8B2473899C00E78E64 /* Resources */,
				83E8B4B502F01B6BA34DF0D9 /* [CP] Embed Pods Frameworks */,
			);
			buildRules = (
			);
			dependencies = (
			);
			name = ADongPr;
			productName = ADongPr;
			productReference = B513FC8D2473899C00E78E64 /* ADongPr.app */;
			productType = "com.apple.product-type.application";
		};
		B513FCA5247389A000E78E64 /* ADongPrTests */ = {
			isa = PBXNativeTarget;
			buildConfigurationList = B513FCBD247389A100E78E64 /* Build configuration list for PBXNativeTarget "ADongPrTests" */;
			buildPhases = (
				B513FCA2247389A000E78E64 /* Sources */,
				B513FCA3247389A000E78E64 /* Frameworks */,
				B513FCA4247389A000E78E64 /* Resources */,
			);
			buildRules = (
			);
			dependencies = (
				B513FCA8247389A000E78E64 /* PBXTargetDependency */,
			);
			name = ADongPrTests;
			productName = ADongPrTests;
			productReference = B513FCA6247389A000E78E64 /* ADongPrTests.xctest */;
			productType = "com.apple.product-type.bundle.unit-test";
		};
		B513FCB0247389A100E78E64 /* ADongPrUITests */ = {
			isa = PBXNativeTarget;
			buildConfigurationList = B513FCC0247389A100E78E64 /* Build configuration list for PBXNativeTarget "ADongPrUITests" */;
			buildPhases = (
				B513FCAD247389A100E78E64 /* Sources */,
				B513FCAE247389A100E78E64 /* Frameworks */,
				B513FCAF247389A100E78E64 /* Resources */,
			);
			buildRules = (
			);
			dependencies = (
				B513FCB3247389A100E78E64 /* PBXTargetDependency */,
			);
			name = ADongPrUITests;
			productName = ADongPrUITests;
			productReference = B513FCB1247389A100E78E64 /* ADongPrUITests.xctest */;
			productType = "com.apple.product-type.bundle.ui-testing";
		};
/* End PBXNativeTarget section */

/* Begin PBXProject section */
		B513FC852473899C00E78E64 /* Project object */ = {
			isa = PBXProject;
			attributes = {
				LastSwiftUpdateCheck = 1140;
				LastUpgradeCheck = 1140;
				ORGANIZATIONNAME = zamio;
				TargetAttributes = {
					B513FC8C2473899C00E78E64 = {
						CreatedOnToolsVersion = 11.4.1;
					};
					B513FCA5247389A000E78E64 = {
						CreatedOnToolsVersion = 11.4.1;
						TestTargetID = B513FC8C2473899C00E78E64;
					};
					B513FCB0247389A100E78E64 = {
						CreatedOnToolsVersion = 11.4.1;
						TestTargetID = B513FC8C2473899C00E78E64;
					};
				};
			};
			buildConfigurationList = B513FC882473899C00E78E64 /* Build configuration list for PBXProject "ADongPr" */;
			compatibilityVersion = "Xcode 9.3";
			developmentRegion = en;
			hasScannedForEncodings = 0;
			knownRegions = (
				en,
				Base,
			);
			mainGroup = B513FC842473899C00E78E64;
			productRefGroup = B513FC8E2473899C00E78E64 /* Products */;
			projectDirPath = "";
			projectRoot = "";
			targets = (
				B513FC8C2473899C00E78E64 /* ADongPr */,
				B513FCA5247389A000E78E64 /* ADongPrTests */,
				B513FCB0247389A100E78E64 /* ADongPrUITests */,
			);
		};
/* End PBXProject section */

/* Begin PBXResourcesBuildPhase section */
		B513FC8B2473899C00E78E64 /* Resources */ = {
			isa = PBXResourcesBuildPhase;
			buildActionMask = 2147483647;
			files = (
				B59B683824764AB40035BDD3 /* CommonTableViewCell.xib in Resources */,
				B540A85B2473C3060028F99D /* LoginViewController.xib in Resources */,
				B540A8A7247545EE0028F99D /* PermissionCollectionViewCell.xib in Resources */,
				B59B684524765C4F0035BDD3 /* NavigationBar.xib in Resources */,
				B540A8722473CDFF0028F99D /* SplashViewController.xib in Resources */,
				B540A85F2473C56D0028F99D /* Main.storyboard in Resources */,
				B540A8AE247555520028F99D /* PermissViewController.xib in Resources */,
				B59B68322476385F0035BDD3 /* Lorry.storyboard in Resources */,
				B513FCA0247389A000E78E64 /* LaunchScreen.storyboard in Resources */,
				B513FC9D247389A000E78E64 /* Preview Assets.xcassets in Resources */,
				B513FC9A247389A000E78E64 /* Assets.xcassets in Resources */,
				B59B6854247688490035BDD3 /* CommonNoAvatarCell.xib in Resources */,
				B59B684A247661D60035BDD3 /* InformationDetailCell.xib in Resources */,
			);
			runOnlyForDeploymentPostprocessing = 0;
		};
		B513FCA4247389A000E78E64 /* Resources */ = {
			isa = PBXResourcesBuildPhase;
			buildActionMask = 2147483647;
			files = (
			);
			runOnlyForDeploymentPostprocessing = 0;
		};
		B513FCAF247389A100E78E64 /* Resources */ = {
			isa = PBXResourcesBuildPhase;
			buildActionMask = 2147483647;
			files = (
			);
			runOnlyForDeploymentPostprocessing = 0;
		};
/* End PBXResourcesBuildPhase section */

/* Begin PBXShellScriptBuildPhase section */
		83E8B4B502F01B6BA34DF0D9 /* [CP] Embed Pods Frameworks */ = {
			isa = PBXShellScriptBuildPhase;
			buildActionMask = 2147483647;
			files = (
			);
			inputFileListPaths = (
				"${PODS_ROOT}/Target Support Files/Pods-ADongPr/Pods-ADongPr-frameworks-${CONFIGURATION}-input-files.xcfilelist",
			);
			name = "[CP] Embed Pods Frameworks";
			outputFileListPaths = (
				"${PODS_ROOT}/Target Support Files/Pods-ADongPr/Pods-ADongPr-frameworks-${CONFIGURATION}-output-files.xcfilelist",
			);
			runOnlyForDeploymentPostprocessing = 0;
			shellPath = /bin/sh;
			shellScript = "\"${PODS_ROOT}/Target Support Files/Pods-ADongPr/Pods-ADongPr-frameworks.sh\"\n";
			showEnvVarsInLog = 0;
		};
		CA7D8FED57E8BD2E7885580F /* [CP] Check Pods Manifest.lock */ = {
			isa = PBXShellScriptBuildPhase;
			buildActionMask = 2147483647;
			files = (
			);
			inputFileListPaths = (
			);
			inputPaths = (
				"${PODS_PODFILE_DIR_PATH}/Podfile.lock",
				"${PODS_ROOT}/Manifest.lock",
			);
			name = "[CP] Check Pods Manifest.lock";
			outputFileListPaths = (
			);
			outputPaths = (
				"$(DERIVED_FILE_DIR)/Pods-ADongPr-checkManifestLockResult.txt",
			);
			runOnlyForDeploymentPostprocessing = 0;
			shellPath = /bin/sh;
			shellScript = "diff \"${PODS_PODFILE_DIR_PATH}/Podfile.lock\" \"${PODS_ROOT}/Manifest.lock\" > /dev/null\nif [ $? != 0 ] ; then\n    # print error to STDERR\n    echo \"error: The sandbox is not in sync with the Podfile.lock. Run 'pod install' or update your CocoaPods installation.\" >&2\n    exit 1\nfi\n# This output is used by Xcode 'outputs' to avoid re-running this script phase.\necho \"SUCCESS\" > \"${SCRIPT_OUTPUT_FILE_0}\"\n";
			showEnvVarsInLog = 0;
		};
/* End PBXShellScriptBuildPhase section */

/* Begin PBXSourcesBuildPhase section */
		B513FC892473899C00E78E64 /* Sources */ = {
			isa = PBXSourcesBuildPhase;
			buildActionMask = 2147483647;
			files = (
				B59B6853247688490035BDD3 /* CommonNoAvatarCell.swift in Sources */,
				B540A8632473C64C0028F99D /* MainTabViewController.swift in Sources */,
				B5228C8F2477EB0400F3F8E4 /* Article.swift in Sources */,
				B540A8962473EBD50028F99D /* RadiusTextField.swift in Sources */,
				B540A85A2473C3060028F99D /* LoginViewController.swift in Sources */,
				B59B684C247663930035BDD3 /* Information.swift in Sources */,
				B540A8942473EBD50028F99D /* Int+Extension.swift in Sources */,
				B540A8932473EBD50028F99D /* UIView+constraints.swift in Sources */,
				B513FC962473899C00E78E64 /* ADongPr.xcdatamodeld in Sources */,
				B513FC912473899C00E78E64 /* AppDelegate.swift in Sources */,
				B59B684E24766ED10035BDD3 /* ResponseDefault.swift in Sources */,
				B540A8892473E6170028F99D /* APIRouter.swift in Sources */,
				B540A8952473EBD50028F99D /* UIColor.swift in Sources */,
				B59B683724764AB40035BDD3 /* CommonTableViewCell.swift in Sources */,
				B540A89E2475254F0028F99D /* PopupView.swift in Sources */,
				B540A8AA24754C6B0028F99D /* NotificationViewController.swift in Sources */,
				B59B6834247638E10035BDD3 /* LorryListViewController.swift in Sources */,
				B59B68562476A3400035BDD3 /* CreateRes.swift in Sources */,
				B540A8882473E6170028F99D /* Configs.swift in Sources */,
				B540A8752473CE420028F99D /* Switcher.swift in Sources */,
				B540A8982473EBD50028F99D /* String+Extension.swift in Sources */,
				B540A8B02475605F0028F99D /* Permission.swift in Sources */,
				B540A8842473E6170028F99D /* MGConnection.swift in Sources */,
				B59B683A247650610035BDD3 /* DetailLorryViewController.swift in Sources */,
				B540A89A2473EBD50028F99D /* UiViewExtension.swift in Sources */,
				B540A8762473CE420028F99D /* Context.swift in Sources */,
				B540A8712473CDFF0028F99D /* SplashViewController.swift in Sources */,
				B5228C902477EB0400F3F8E4 /* DateFormatter.swift in Sources */,
				B59B684624765C4F0035BDD3 /* NavigationBar.swift in Sources */,
				B5228C8D2477EB0400F3F8E4 /* APIClient.swift in Sources */,
				B540A8852473E6170028F99D /* ServiceFactory.swift in Sources */,
				B5228C832477E3D200F3F8E4 /* UIViewControllerExtension.swift in Sources */,
				B540A8612473C60B0028F99D /* MainViewController.swift in Sources */,
				B5228C922477EB0400F3F8E4 /* ApiRouter.swift in Sources */,
				B540A8AD247555520028F99D /* PermissViewController.swift in Sources */,
				B540A8872473E6170028F99D /* BaseResponse.swift in Sources */,
				B59B6849247661D60035BDD3 /* InformationDetailCell.swift in Sources */,
				B540A89F2475254F0028F99D /* BaseViewController.swift in Sources */,
				B540A8A6247545EE0028F99D /* PermissionCollectionViewCell.swift in Sources */,
				B540A8A12475297E0028F99D /* PermissionViewController.swift in Sources */,
				B540A8992473EBD50028F99D /* UiButton.swift in Sources */,
				B540A87A2473CF180028F99D /* User.swift in Sources */,
				B59B6850247676D60035BDD3 /* UpdateViewController.swift in Sources */,
				B59B682E247636F80035BDD3 /* Lorry.swift in Sources */,
				B5228C8E2477EB0400F3F8E4 /* Category.swift in Sources */,
				B540A8782473CE990028F99D /* Constants.swift in Sources */,
				B59B68582476A7CE0035BDD3 /* Error.swift in Sources */,
				B540A8972473EBD50028F99D /* TextfieldExtension.swift in Sources */,
			);
			runOnlyForDeploymentPostprocessing = 0;
		};
		B513FCA2247389A000E78E64 /* Sources */ = {
			isa = PBXSourcesBuildPhase;
			buildActionMask = 2147483647;
			files = (
				B513FCAB247389A000E78E64 /* ADongPrTests.swift in Sources */,
			);
			runOnlyForDeploymentPostprocessing = 0;
		};
		B513FCAD247389A100E78E64 /* Sources */ = {
			isa = PBXSourcesBuildPhase;
			buildActionMask = 2147483647;
			files = (
				B513FCB6247389A100E78E64 /* ADongPrUITests.swift in Sources */,
			);
			runOnlyForDeploymentPostprocessing = 0;
		};
/* End PBXSourcesBuildPhase section */

/* Begin PBXTargetDependency section */
		B513FCA8247389A000E78E64 /* PBXTargetDependency */ = {
			isa = PBXTargetDependency;
			target = B513FC8C2473899C00E78E64 /* ADongPr */;
			targetProxy = B513FCA7247389A000E78E64 /* PBXContainerItemProxy */;
		};
		B513FCB3247389A100E78E64 /* PBXTargetDependency */ = {
			isa = PBXTargetDependency;
			target = B513FC8C2473899C00E78E64 /* ADongPr */;
			targetProxy = B513FCB2247389A100E78E64 /* PBXContainerItemProxy */;
		};
/* End PBXTargetDependency section */

/* Begin PBXVariantGroup section */
		B513FC9E247389A000E78E64 /* LaunchScreen.storyboard */ = {
			isa = PBXVariantGroup;
			children = (
				B513FC9F247389A000E78E64 /* Base */,
			);
			name = LaunchScreen.storyboard;
			sourceTree = "<group>";
		};
/* End PBXVariantGroup section */

/* Begin XCBuildConfiguration section */
		B513FCB8247389A100E78E64 /* Debug */ = {
			isa = XCBuildConfiguration;
			buildSettings = {
				ALWAYS_SEARCH_USER_PATHS = NO;
				CLANG_ANALYZER_NONNULL = YES;
				CLANG_ANALYZER_NUMBER_OBJECT_CONVERSION = YES_AGGRESSIVE;
				CLANG_CXX_LANGUAGE_STANDARD = "gnu++14";
				CLANG_CXX_LIBRARY = "libc++";
				CLANG_ENABLE_MODULES = YES;
				CLANG_ENABLE_OBJC_ARC = YES;
				CLANG_ENABLE_OBJC_WEAK = YES;
				CLANG_WARN_BLOCK_CAPTURE_AUTORELEASING = YES;
				CLANG_WARN_BOOL_CONVERSION = YES;
				CLANG_WARN_COMMA = YES;
				CLANG_WARN_CONSTANT_CONVERSION = YES;
				CLANG_WARN_DEPRECATED_OBJC_IMPLEMENTATIONS = YES;
				CLANG_WARN_DIRECT_OBJC_ISA_USAGE = YES_ERROR;
				CLANG_WARN_DOCUMENTATION_COMMENTS = YES;
				CLANG_WARN_EMPTY_BODY = YES;
				CLANG_WARN_ENUM_CONVERSION = YES;
				CLANG_WARN_INFINITE_RECURSION = YES;
				CLANG_WARN_INT_CONVERSION = YES;
				CLANG_WARN_NON_LITERAL_NULL_CONVERSION = YES;
				CLANG_WARN_OBJC_IMPLICIT_RETAIN_SELF = YES;
				CLANG_WARN_OBJC_LITERAL_CONVERSION = YES;
				CLANG_WARN_OBJC_ROOT_CLASS = YES_ERROR;
				CLANG_WARN_RANGE_LOOP_ANALYSIS = YES;
				CLANG_WARN_STRICT_PROTOTYPES = YES;
				CLANG_WARN_SUSPICIOUS_MOVE = YES;
				CLANG_WARN_UNGUARDED_AVAILABILITY = YES_AGGRESSIVE;
				CLANG_WARN_UNREACHABLE_CODE = YES;
				CLANG_WARN__DUPLICATE_METHOD_MATCH = YES;
				COPY_PHASE_STRIP = NO;
				DEBUG_INFORMATION_FORMAT = dwarf;
				ENABLE_STRICT_OBJC_MSGSEND = YES;
				ENABLE_TESTABILITY = YES;
				GCC_C_LANGUAGE_STANDARD = gnu11;
				GCC_DYNAMIC_NO_PIC = NO;
				GCC_NO_COMMON_BLOCKS = YES;
				GCC_OPTIMIZATION_LEVEL = 0;
				GCC_PREPROCESSOR_DEFINITIONS = (
					"DEBUG=1",
					"$(inherited)",
				);
				GCC_WARN_64_TO_32_BIT_CONVERSION = YES;
				GCC_WARN_ABOUT_RETURN_TYPE = YES_ERROR;
				GCC_WARN_UNDECLARED_SELECTOR = YES;
				GCC_WARN_UNINITIALIZED_AUTOS = YES_AGGRESSIVE;
				GCC_WARN_UNUSED_FUNCTION = YES;
				GCC_WARN_UNUSED_VARIABLE = YES;
				IPHONEOS_DEPLOYMENT_TARGET = 10.3;
				MTL_ENABLE_DEBUG_INFO = INCLUDE_SOURCE;
				MTL_FAST_MATH = YES;
				ONLY_ACTIVE_ARCH = YES;
				SDKROOT = iphoneos;
				SWIFT_ACTIVE_COMPILATION_CONDITIONS = DEBUG;
				SWIFT_OPTIMIZATION_LEVEL = "-Onone";
			};
			name = Debug;
		};
		B513FCB9247389A100E78E64 /* Release */ = {
			isa = XCBuildConfiguration;
			buildSettings = {
				ALWAYS_SEARCH_USER_PATHS = NO;
				CLANG_ANALYZER_NONNULL = YES;
				CLANG_ANALYZER_NUMBER_OBJECT_CONVERSION = YES_AGGRESSIVE;
				CLANG_CXX_LANGUAGE_STANDARD = "gnu++14";
				CLANG_CXX_LIBRARY = "libc++";
				CLANG_ENABLE_MODULES = YES;
				CLANG_ENABLE_OBJC_ARC = YES;
				CLANG_ENABLE_OBJC_WEAK = YES;
				CLANG_WARN_BLOCK_CAPTURE_AUTORELEASING = YES;
				CLANG_WARN_BOOL_CONVERSION = YES;
				CLANG_WARN_COMMA = YES;
				CLANG_WARN_CONSTANT_CONVERSION = YES;
				CLANG_WARN_DEPRECATED_OBJC_IMPLEMENTATIONS = YES;
				CLANG_WARN_DIRECT_OBJC_ISA_USAGE = YES_ERROR;
				CLANG_WARN_DOCUMENTATION_COMMENTS = YES;
				CLANG_WARN_EMPTY_BODY = YES;
				CLANG_WARN_ENUM_CONVERSION = YES;
				CLANG_WARN_INFINITE_RECURSION = YES;
				CLANG_WARN_INT_CONVERSION = YES;
				CLANG_WARN_NON_LITERAL_NULL_CONVERSION = YES;
				CLANG_WARN_OBJC_IMPLICIT_RETAIN_SELF = YES;
				CLANG_WARN_OBJC_LITERAL_CONVERSION = YES;
				CLANG_WARN_OBJC_ROOT_CLASS = YES_ERROR;
				CLANG_WARN_RANGE_LOOP_ANALYSIS = YES;
				CLANG_WARN_STRICT_PROTOTYPES = YES;
				CLANG_WARN_SUSPICIOUS_MOVE = YES;
				CLANG_WARN_UNGUARDED_AVAILABILITY = YES_AGGRESSIVE;
				CLANG_WARN_UNREACHABLE_CODE = YES;
				CLANG_WARN__DUPLICATE_METHOD_MATCH = YES;
				COPY_PHASE_STRIP = NO;
				DEBUG_INFORMATION_FORMAT = "dwarf-with-dsym";
				ENABLE_NS_ASSERTIONS = NO;
				ENABLE_STRICT_OBJC_MSGSEND = YES;
				GCC_C_LANGUAGE_STANDARD = gnu11;
				GCC_NO_COMMON_BLOCKS = YES;
				GCC_WARN_64_TO_32_BIT_CONVERSION = YES;
				GCC_WARN_ABOUT_RETURN_TYPE = YES_ERROR;
				GCC_WARN_UNDECLARED_SELECTOR = YES;
				GCC_WARN_UNINITIALIZED_AUTOS = YES_AGGRESSIVE;
				GCC_WARN_UNUSED_FUNCTION = YES;
				GCC_WARN_UNUSED_VARIABLE = YES;
				IPHONEOS_DEPLOYMENT_TARGET = 10.3;
				MTL_ENABLE_DEBUG_INFO = NO;
				MTL_FAST_MATH = YES;
				SDKROOT = iphoneos;
				SWIFT_COMPILATION_MODE = wholemodule;
				SWIFT_OPTIMIZATION_LEVEL = "-O";
				VALIDATE_PRODUCT = YES;
			};
			name = Release;
		};
		B513FCBB247389A100E78E64 /* Debug */ = {
			isa = XCBuildConfiguration;
			baseConfigurationReference = 913783962ADB7F4B4E85CBBE /* Pods-ADongPr.debug.xcconfig */;
			buildSettings = {
				ASSETCATALOG_COMPILER_APPICON_NAME = AppIcon;
				CODE_SIGN_STYLE = Automatic;
				DEVELOPMENT_ASSET_PATHS = "\"ADongPr/Preview Content\"";
				DEVELOPMENT_TEAM = 8HLH79724S;
				ENABLE_PREVIEWS = YES;
				INFOPLIST_FILE = ADongPr/Info.plist;
				LD_RUNPATH_SEARCH_PATHS = (
					"$(inherited)",
					"@executable_path/Frameworks",
				);
				PRODUCT_BUNDLE_IDENTIFIER = zamio.ADongPr;
				PRODUCT_NAME = "$(TARGET_NAME)";
				SWIFT_VERSION = 5.0;
				TARGETED_DEVICE_FAMILY = "1,2";
			};
			name = Debug;
		};
		B513FCBC247389A100E78E64 /* Release */ = {
			isa = XCBuildConfiguration;
			baseConfigurationReference = 942FF51095EB5AA5F6FDA2F4 /* Pods-ADongPr.release.xcconfig */;
			buildSettings = {
				ASSETCATALOG_COMPILER_APPICON_NAME = AppIcon;
				CODE_SIGN_STYLE = Automatic;
				DEVELOPMENT_ASSET_PATHS = "\"ADongPr/Preview Content\"";
				DEVELOPMENT_TEAM = 8HLH79724S;
				ENABLE_PREVIEWS = YES;
				INFOPLIST_FILE = ADongPr/Info.plist;
				LD_RUNPATH_SEARCH_PATHS = (
					"$(inherited)",
					"@executable_path/Frameworks",
				);
				PRODUCT_BUNDLE_IDENTIFIER = zamio.ADongPr;
				PRODUCT_NAME = "$(TARGET_NAME)";
				SWIFT_VERSION = 5.0;
				TARGETED_DEVICE_FAMILY = "1,2";
			};
			name = Release;
		};
		B513FCBE247389A100E78E64 /* Debug */ = {
			isa = XCBuildConfiguration;
			buildSettings = {
				ALWAYS_EMBED_SWIFT_STANDARD_LIBRARIES = YES;
				BUNDLE_LOADER = "$(TEST_HOST)";
				CODE_SIGN_STYLE = Automatic;
				INFOPLIST_FILE = ADongPrTests/Info.plist;
				IPHONEOS_DEPLOYMENT_TARGET = 13.4;
				LD_RUNPATH_SEARCH_PATHS = (
					"$(inherited)",
					"@executable_path/Frameworks",
					"@loader_path/Frameworks",
				);
				PRODUCT_BUNDLE_IDENTIFIER = zamio.ADongPrTests;
				PRODUCT_NAME = "$(TARGET_NAME)";
				SWIFT_VERSION = 5.0;
				TARGETED_DEVICE_FAMILY = "1,2";
				TEST_HOST = "$(BUILT_PRODUCTS_DIR)/ADongPr.app/ADongPr";
			};
			name = Debug;
		};
		B513FCBF247389A100E78E64 /* Release */ = {
			isa = XCBuildConfiguration;
			buildSettings = {
				ALWAYS_EMBED_SWIFT_STANDARD_LIBRARIES = YES;
				BUNDLE_LOADER = "$(TEST_HOST)";
				CODE_SIGN_STYLE = Automatic;
				INFOPLIST_FILE = ADongPrTests/Info.plist;
				IPHONEOS_DEPLOYMENT_TARGET = 13.4;
				LD_RUNPATH_SEARCH_PATHS = (
					"$(inherited)",
					"@executable_path/Frameworks",
					"@loader_path/Frameworks",
				);
				PRODUCT_BUNDLE_IDENTIFIER = zamio.ADongPrTests;
				PRODUCT_NAME = "$(TARGET_NAME)";
				SWIFT_VERSION = 5.0;
				TARGETED_DEVICE_FAMILY = "1,2";
				TEST_HOST = "$(BUILT_PRODUCTS_DIR)/ADongPr.app/ADongPr";
			};
			name = Release;
		};
		B513FCC1247389A100E78E64 /* Debug */ = {
			isa = XCBuildConfiguration;
			buildSettings = {
				ALWAYS_EMBED_SWIFT_STANDARD_LIBRARIES = YES;
				CODE_SIGN_STYLE = Automatic;
				INFOPLIST_FILE = ADongPrUITests/Info.plist;
				LD_RUNPATH_SEARCH_PATHS = (
					"$(inherited)",
					"@executable_path/Frameworks",
					"@loader_path/Frameworks",
				);
				PRODUCT_BUNDLE_IDENTIFIER = zamio.ADongPrUITests;
				PRODUCT_NAME = "$(TARGET_NAME)";
				SWIFT_VERSION = 5.0;
				TARGETED_DEVICE_FAMILY = "1,2";
				TEST_TARGET_NAME = ADongPr;
			};
			name = Debug;
		};
		B513FCC2247389A100E78E64 /* Release */ = {
			isa = XCBuildConfiguration;
			buildSettings = {
				ALWAYS_EMBED_SWIFT_STANDARD_LIBRARIES = YES;
				CODE_SIGN_STYLE = Automatic;
				INFOPLIST_FILE = ADongPrUITests/Info.plist;
				LD_RUNPATH_SEARCH_PATHS = (
					"$(inherited)",
					"@executable_path/Frameworks",
					"@loader_path/Frameworks",
				);
				PRODUCT_BUNDLE_IDENTIFIER = zamio.ADongPrUITests;
				PRODUCT_NAME = "$(TARGET_NAME)";
				SWIFT_VERSION = 5.0;
				TARGETED_DEVICE_FAMILY = "1,2";
				TEST_TARGET_NAME = ADongPr;
			};
			name = Release;
		};
/* End XCBuildConfiguration section */

/* Begin XCConfigurationList section */
		B513FC882473899C00E78E64 /* Build configuration list for PBXProject "ADongPr" */ = {
			isa = XCConfigurationList;
			buildConfigurations = (
				B513FCB8247389A100E78E64 /* Debug */,
				B513FCB9247389A100E78E64 /* Release */,
			);
			defaultConfigurationIsVisible = 0;
			defaultConfigurationName = Release;
		};
		B513FCBA247389A100E78E64 /* Build configuration list for PBXNativeTarget "ADongPr" */ = {
			isa = XCConfigurationList;
			buildConfigurations = (
				B513FCBB247389A100E78E64 /* Debug */,
				B513FCBC247389A100E78E64 /* Release */,
			);
			defaultConfigurationIsVisible = 0;
			defaultConfigurationName = Release;
		};
		B513FCBD247389A100E78E64 /* Build configuration list for PBXNativeTarget "ADongPrTests" */ = {
			isa = XCConfigurationList;
			buildConfigurations = (
				B513FCBE247389A100E78E64 /* Debug */,
				B513FCBF247389A100E78E64 /* Release */,
			);
			defaultConfigurationIsVisible = 0;
			defaultConfigurationName = Release;
		};
		B513FCC0247389A100E78E64 /* Build configuration list for PBXNativeTarget "ADongPrUITests" */ = {
			isa = XCConfigurationList;
			buildConfigurations = (
				B513FCC1247389A100E78E64 /* Debug */,
				B513FCC2247389A100E78E64 /* Release */,
			);
			defaultConfigurationIsVisible = 0;
			defaultConfigurationName = Release;
		};
/* End XCConfigurationList section */

/* Begin XCVersionGroup section */
		B513FC942473899C00E78E64 /* ADongPr.xcdatamodeld */ = {
			isa = XCVersionGroup;
			children = (
				B513FC952473899C00E78E64 /* ADongPr.xcdatamodel */,
			);
			currentVersion = B513FC952473899C00E78E64 /* ADongPr.xcdatamodel */;
			path = ADongPr.xcdatamodeld;
			sourceTree = "<group>";
			versionGroupType = wrapper.xcdatamodel;
		};
/* End XCVersionGroup section */
	};
	rootObject = B513FC852473899C00E78E64 /* Project object */;
}
